
Microsoft Visual Studio Solution File, Format Version 12.00
# Visual Studio 15
VisualStudioVersion = 15.0.27703.2035
MinimumVisualStudioVersion = 10.0.40219.1
Project("{FAE04EC0-301F-11D3-BF4B-00C04F79EFBC}") = "WIN", "WIN\WIN.csproj", "{1AE9796E-FFE1-442F-BC50-E9A4EA64F5EA}"
EndProject
Project("{FAE04EC0-301F-11D3-BF4B-00C04F79EFBC}") = "Weibo", "Weibo\Weibo.csproj", "{13D4C530-EE23-4F0C-BDC2-BB517F84DE4B}"
EndProject
Global
	GlobalSection(SolutionConfigurationPlatforms) = preSolution
		Debug|Any CPU = Debug|Any CPU
		Release|Any CPU = Release|Any CPU
	EndGlobalSection
	GlobalSection(ProjectConfigurationPlatforms) = postSolution
		{1AE9796E-FFE1-442F-BC50-E9A4EA64F5EA}.Debug|Any CPU.ActiveCfg = Debug|Any CPU
		{1AE9796E-FFE1-442F-BC50-E9A4EA64F5EA}.Debug|Any CPU.Build.0 = Debug|Any CPU
		{1AE9796E-FFE1-442F-BC50-E9A4EA64F5EA}.Release|Any CPU.ActiveCfg = Release|Any CPU
		{1AE9796E-FFE1-442F-BC50-E9A4EA64F5EA}.Release|Any CPU.Build.0 = Release|Any CPU
		{13D4C530-EE23-4F0C-BDC2-BB517F84DE4B}.Debug|Any CPU.ActiveCfg = Debug|Any CPU
		{13D4C530-EE23-4F0C-BDC2-BB517F84DE4B}.Debug|Any CPU.Build.0 = Debug|Any CPU
		{13D4C530-EE23-4F0C-BDC2-BB517F84DE4B}.Release|Any CPU.ActiveCfg = Release|Any CPU
		{13D4C530-EE23-4F0C-BDC2-BB517F84DE4B}.Release|Any CPU.Build.0 = Release|Any CPU
	EndGlobalSection
	GlobalSection(SolutionProperties) = preSolution
		HideSolutionNode = FALSE
	EndGlobalSection
	GlobalSection(ExtensibilityGlobals) = postSolution
		SolutionGuid = {09BD2CA1-E264-4A14-9F9D-F3C0A183CF86}
	EndGlobalSection
EndGlobal
